
Microsoft Visual Studio Solution File, Format Version 12.00
# Visual Studio Version 16
VisualStudioVersion = 16.0.30204.135
MinimumVisualStudioVersion = 10.0.40219.1
Project("{FAE04EC0-301F-11D3-BF4B-00C04F79EFBC}") = "PokerHandSorter", "PokerHandSorter\PokerHandSorter.csproj", "{B78AE583-EBE5-48D4-8E1F-A4147442EB3A}"
EndProject
Global
	GlobalSection(SolutionConfigurationPlatforms) = preSolution
		Debug|Any CPU = Debug|Any CPU
		Release|Any CPU = Release|Any CPU
	EndGlobalSection
	GlobalSection(ProjectConfigurationPlatforms) = postSolution
		{B78AE583-EBE5-48D4-8E1F-A4147442EB3A}.Debug|Any CPU.ActiveCfg = Debug|Any CPU
		{B78AE583-EBE5-48D4-8E1F-A4147442EB3A}.Debug|Any CPU.Build.0 = Debug|Any CPU
		{B78AE583-EBE5-48D4-8E1F-A4147442EB3A}.Release|Any CPU.ActiveCfg = Release|Any CPU
		{B78AE583-EBE5-48D4-8E1F-A4147442EB3A}.Release|Any CPU.Build.0 = Release|Any CPU
	EndGlobalSection
	GlobalSection(SolutionProperties) = preSolution
		HideSolutionNode = FALSE
	EndGlobalSection
	GlobalSection(ExtensibilityGlobals) = postSolution
		SolutionGuid = {2FC2FE48-1F0F-4093-A1B8-CFC7BACD4A42}
	EndGlobalSection
EndGlobal
